
Microsoft Visual Studio Solution File, Format Version 12.00
# TcXaeShell Solution File, Format Version 11.00
VisualStudioVersion = 17.7.34302.85
MinimumVisualStudioVersion = 10.0.40219.1
Project("{B1E792BE-AA5F-4E3C-8C82-674BF9C0715B}") = "TwinCAT Project1", "TwinCAT Project1.tsproj", "{A7974561-8011-4083-B3A8-AD7F4B41ECBA}"
EndProject
Project("{BACAAE27-5D5D-4513-97FF-0FED82FEF961}") = "TwinCAT Connectivity Project1", "..\TwinCAT Connectivity Project1\TwinCAT Connectivity Project1.tcconnproj", "{94EA56A9-5E22-4F0B-BEEA-415640907493}"
EndProject
Global
	GlobalSection(SolutionConfigurationPlatforms) = preSolution
		Debug|TwinCAT CE7 (ARMV7) = Debug|TwinCAT CE7 (ARMV7)
		Debug|TwinCAT OS (ARMT2) = Debug|TwinCAT OS (ARMT2)
		Debug|TwinCAT OS (ARMV7-A) = Debug|TwinCAT OS (ARMV7-A)
		Debug|TwinCAT OS (ARMV7-M) = Debug|TwinCAT OS (ARMV7-M)
		Debug|TwinCAT OS (ARMV8-A) = Debug|TwinCAT OS (ARMV8-A)
		Debug|TwinCAT OS (x64) = Debug|TwinCAT OS (x64)
		Debug|TwinCAT OS (x64-E) = Debug|TwinCAT OS (x64-E)
		Debug|TwinCAT RT (x64) = Debug|TwinCAT RT (x64)
		Debug|TwinCAT RT (x86) = Debug|TwinCAT RT (x86)
		Release|TwinCAT CE7 (ARMV7) = Release|TwinCAT CE7 (ARMV7)
		Release|TwinCAT OS (ARMT2) = Release|TwinCAT OS (ARMT2)
		Release|TwinCAT OS (ARMV7-A) = Release|TwinCAT OS (ARMV7-A)
		Release|TwinCAT OS (ARMV7-M) = Release|TwinCAT OS (ARMV7-M)
		Release|TwinCAT OS (ARMV8-A) = Release|TwinCAT OS (ARMV8-A)
		Release|TwinCAT OS (x64) = Release|TwinCAT OS (x64)
		Release|TwinCAT OS (x64-E) = Release|TwinCAT OS (x64-E)
		Release|TwinCAT RT (x64) = Release|TwinCAT RT (x64)
		Release|TwinCAT RT (x86) = Release|TwinCAT RT (x86)
	EndGlobalSection
	GlobalSection(ProjectConfigurationPlatforms) = postSolution
		{A7974561-8011-4083-B3A8-AD7F4B41ECBA}.Debug|TwinCAT CE7 (ARMV7).ActiveCfg = Debug|TwinCAT OS (ARMV7-A)
		{A7974561-8011-4083-B3A8-AD7F4B41ECBA}.Debug|TwinCAT CE7 (ARMV7).Build.0 = Debug|TwinCAT OS (ARMV7-A)
		{A7974561-8011-4083-B3A8-AD7F4B41ECBA}.Debug|TwinCAT OS (ARMT2).ActiveCfg = Debug|TwinCAT OS (x64-E)
		{A7974561-8011-4083-B3A8-AD7F4B41ECBA}.Debug|TwinCAT OS (ARMT2).Build.0 = Debug|TwinCAT OS (x64-E)
		{A7974561-8011-4083-B3A8-AD7F4B41ECBA}.Debug|TwinCAT OS (ARMV7-A).ActiveCfg = Debug|TwinCAT OS (ARMV7-A)
		{A7974561-8011-4083-B3A8-AD7F4B41ECBA}.Debug|TwinCAT OS (ARMV7-A).Build.0 = Debug|TwinCAT OS (ARMV7-A)
		{A7974561-8011-4083-B3A8-AD7F4B41ECBA}.Debug|TwinCAT OS (ARMV7-M).ActiveCfg = Debug|TwinCAT OS (ARMV7-M)
		{A7974561-8011-4083-B3A8-AD7F4B41ECBA}.Debug|TwinCAT OS (ARMV7-M).Build.0 = Debug|TwinCAT OS (ARMV7-M)
		{A7974561-8011-4083-B3A8-AD7F4B41ECBA}.Debug|TwinCAT OS (ARMV8-A).ActiveCfg = Debug|TwinCAT OS (ARMV8-A)
		{A7974561-8011-4083-B3A8-AD7F4B41ECBA}.Debug|TwinCAT OS (ARMV8-A).Build.0 = Debug|TwinCAT OS (ARMV8-A)
		{A7974561-8011-4083-B3A8-AD7F4B41ECBA}.Debug|TwinCAT OS (x64).ActiveCfg = Debug|TwinCAT OS (x64)
		{A7974561-8011-4083-B3A8-AD7F4B41ECBA}.Debug|TwinCAT OS (x64).Build.0 = Debug|TwinCAT OS (x64)
		{A7974561-8011-4083-B3A8-AD7F4B41ECBA}.Debug|TwinCAT OS (x64-E).ActiveCfg = Debug|TwinCAT OS (x64-E)
		{A7974561-8011-4083-B3A8-AD7F4B41ECBA}.Debug|TwinCAT OS (x64-E).Build.0 = Debug|TwinCAT OS (x64-E)
		{A7974561-8011-4083-B3A8-AD7F4B41ECBA}.Debug|TwinCAT RT (x64).ActiveCfg = Debug|TwinCAT RT (x64)
		{A7974561-8011-4083-B3A8-AD7F4B41ECBA}.Debug|TwinCAT RT (x64).Build.0 = Debug|TwinCAT RT (x64)
		{A7974561-8011-4083-B3A8-AD7F4B41ECBA}.Debug|TwinCAT RT (x86).ActiveCfg = Debug|TwinCAT RT (x86)
		{A7974561-8011-4083-B3A8-AD7F4B41ECBA}.Debug|TwinCAT RT (x86).Build.0 = Debug|TwinCAT RT (x86)
		{A7974561-8011-4083-B3A8-AD7F4B41ECBA}.Release|TwinCAT CE7 (ARMV7).ActiveCfg = Release|TwinCAT OS (ARMV7-A)
		{A7974561-8011-4083-B3A8-AD7F4B41ECBA}.Release|TwinCAT CE7 (ARMV7).Build.0 = Release|TwinCAT OS (ARMV7-A)
		{A7974561-8011-4083-B3A8-AD7F4B41ECBA}.Release|TwinCAT OS (ARMT2).ActiveCfg = Release|TwinCAT OS (x64-E)
		{A7974561-8011-4083-B3A8-AD7F4B41ECBA}.Release|TwinCAT OS (ARMT2).Build.0 = Release|TwinCAT OS (x64-E)
		{A7974561-8011-4083-B3A8-AD7F4B41ECBA}.Release|TwinCAT OS (ARMV7-A).ActiveCfg = Release|TwinCAT OS (ARMV7-A)
		{A7974561-8011-4083-B3A8-AD7F4B41ECBA}.Release|TwinCAT OS (ARMV7-A).Build.0 = Release|TwinCAT OS (ARMV7-A)
		{A7974561-8011-4083-B3A8-AD7F4B41ECBA}.Release|TwinCAT OS (ARMV7-M).ActiveCfg = Release|TwinCAT OS (ARMV7-M)
		{A7974561-8011-4083-B3A8-AD7F4B41ECBA}.Release|TwinCAT OS (ARMV7-M).Build.0 = Release|TwinCAT OS (ARMV7-M)
		{A7974561-8011-4083-B3A8-AD7F4B41ECBA}.Release|TwinCAT OS (ARMV8-A).ActiveCfg = Release|TwinCAT OS (ARMV8-A)
		{A7974561-8011-4083-B3A8-AD7F4B41ECBA}.Release|TwinCAT OS (ARMV8-A).Build.0 = Release|TwinCAT OS (ARMV8-A)
		{A7974561-8011-4083-B3A8-AD7F4B41ECBA}.Release|TwinCAT OS (x64).ActiveCfg = Release|TwinCAT OS (x64)
		{A7974561-8011-4083-B3A8-AD7F4B41ECBA}.Release|TwinCAT OS (x64).Build.0 = Release|TwinCAT OS (x64)
		{A7974561-8011-4083-B3A8-AD7F4B41ECBA}.Release|TwinCAT OS (x64-E).ActiveCfg = Release|TwinCAT OS (x64-E)
		{A7974561-8011-4083-B3A8-AD7F4B41ECBA}.Release|TwinCAT OS (x64-E).Build.0 = Release|TwinCAT OS (x64-E)
		{A7974561-8011-4083-B3A8-AD7F4B41ECBA}.Release|TwinCAT RT (x64).ActiveCfg = Release|TwinCAT RT (x64)
		{A7974561-8011-4083-B3A8-AD7F4B41ECBA}.Release|TwinCAT RT (x64).Build.0 = Release|TwinCAT RT (x64)
		{A7974561-8011-4083-B3A8-AD7F4B41ECBA}.Release|TwinCAT RT (x86).ActiveCfg = Release|TwinCAT RT (x86)
		{A7974561-8011-4083-B3A8-AD7F4B41ECBA}.Release|TwinCAT RT (x86).Build.0 = Release|TwinCAT RT (x86)
		{94EA56A9-5E22-4F0B-BEEA-415640907493}.Debug|TwinCAT CE7 (ARMV7).ActiveCfg = Debug|TwinCAT CE7 (ARMV7)
		{94EA56A9-5E22-4F0B-BEEA-415640907493}.Debug|TwinCAT OS (ARMT2).ActiveCfg = Debug|TwinCAT OS (ARMT2)
		{94EA56A9-5E22-4F0B-BEEA-415640907493}.Debug|TwinCAT OS (ARMV7-A).ActiveCfg = Debug|TwinCAT CE7 (ARMV7)
		{94EA56A9-5E22-4F0B-BEEA-415640907493}.Debug|TwinCAT OS (ARMV7-M).ActiveCfg = Debug|TwinCAT CE7 (ARMV7)
		{94EA56A9-5E22-4F0B-BEEA-415640907493}.Debug|TwinCAT OS (ARMV8-A).ActiveCfg = Debug|TwinCAT CE7 (ARMV7)
		{94EA56A9-5E22-4F0B-BEEA-415640907493}.Debug|TwinCAT OS (x64).ActiveCfg = Debug|TwinCAT OS (x64)
		{94EA56A9-5E22-4F0B-BEEA-415640907493}.Debug|TwinCAT OS (x64-E).ActiveCfg = Debug|TwinCAT CE7 (ARMV7)
		{94EA56A9-5E22-4F0B-BEEA-415640907493}.Debug|TwinCAT RT (x64).ActiveCfg = Debug|TwinCAT RT (x64)
		{94EA56A9-5E22-4F0B-BEEA-415640907493}.Debug|TwinCAT RT (x86).ActiveCfg = Debug|TwinCAT RT (x86)
		{94EA56A9-5E22-4F0B-BEEA-415640907493}.Release|TwinCAT CE7 (ARMV7).ActiveCfg = Release|TwinCAT CE7 (ARMV7)
		{94EA56A9-5E22-4F0B-BEEA-415640907493}.Release|TwinCAT OS (ARMT2).ActiveCfg = Release|TwinCAT OS (ARMT2)
		{94EA56A9-5E22-4F0B-BEEA-415640907493}.Release|TwinCAT OS (ARMV7-A).ActiveCfg = Release|TwinCAT CE7 (ARMV7)
		{94EA56A9-5E22-4F0B-BEEA-415640907493}.Release|TwinCAT OS (ARMV7-M).ActiveCfg = Release|TwinCAT CE7 (ARMV7)
		{94EA56A9-5E22-4F0B-BEEA-415640907493}.Release|TwinCAT OS (ARMV8-A).ActiveCfg = Release|TwinCAT CE7 (ARMV7)
		{94EA56A9-5E22-4F0B-BEEA-415640907493}.Release|TwinCAT OS (x64).ActiveCfg = Release|TwinCAT OS (x64)
		{94EA56A9-5E22-4F0B-BEEA-415640907493}.Release|TwinCAT OS (x64-E).ActiveCfg = Release|TwinCAT CE7 (ARMV7)
		{94EA56A9-5E22-4F0B-BEEA-415640907493}.Release|TwinCAT RT (x64).ActiveCfg = Release|TwinCAT RT (x64)
		{94EA56A9-5E22-4F0B-BEEA-415640907493}.Release|TwinCAT RT (x86).ActiveCfg = Release|TwinCAT RT (x86)
		{FD54A6E5-6BD2-46F4-91B4-E5607A2ADFB0}.Debug|TwinCAT CE7 (ARMV7).ActiveCfg = Debug|TwinCAT OS (ARMV7-A)
		{FD54A6E5-6BD2-46F4-91B4-E5607A2ADFB0}.Debug|TwinCAT CE7 (ARMV7).Build.0 = Debug|TwinCAT OS (ARMV7-A)
		{FD54A6E5-6BD2-46F4-91B4-E5607A2ADFB0}.Debug|TwinCAT OS (ARMT2).ActiveCfg = Debug|TwinCAT OS (ARMV7-M)
		{FD54A6E5-6BD2-46F4-91B4-E5607A2ADFB0}.Debug|TwinCAT OS (ARMT2).Build.0 = Debug|TwinCAT OS (ARMV7-M)
		{FD54A6E5-6BD2-46F4-91B4-E5607A2ADFB0}.Debug|TwinCAT OS (ARMV7-A).ActiveCfg = Debug|TwinCAT OS (ARMV7-A)
		{FD54A6E5-6BD2-46F4-91B4-E5607A2ADFB0}.Debug|TwinCAT OS (ARMV7-A).Build.0 = Debug|TwinCAT OS (ARMV7-A)
		{FD54A6E5-6BD2-46F4-91B4-E5607A2ADFB0}.Debug|TwinCAT OS (ARMV7-M).ActiveCfg = Debug|TwinCAT OS (ARMV7-M)
		{FD54A6E5-6BD2-46F4-91B4-E5607A2ADFB0}.Debug|TwinCAT OS (ARMV7-M).Build.0 = Debug|TwinCAT OS (ARMV7-M)
		{FD54A6E5-6BD2-46F4-91B4-E5607A2ADFB0}.Debug|TwinCAT OS (ARMV8-A).ActiveCfg = Debug|TwinCAT OS (ARMV8-A)
		{FD54A6E5-6BD2-46F4-91B4-E5607A2ADFB0}.Debug|TwinCAT OS (ARMV8-A).Build.0 = Debug|TwinCAT OS (ARMV8-A)
		{FD54A6E5-6BD2-46F4-91B4-E5607A2ADFB0}.Debug|TwinCAT OS (x64).ActiveCfg = Debug|TwinCAT OS (x64)
		{FD54A6E5-6BD2-46F4-91B4-E5607A2ADFB0}.Debug|TwinCAT OS (x64).Build.0 = Debug|TwinCAT OS (x64)
		{FD54A6E5-6BD2-46F4-91B4-E5607A2ADFB0}.Debug|TwinCAT OS (x64-E).ActiveCfg = Debug|TwinCAT OS (x64-E)
		{FD54A6E5-6BD2-46F4-91B4-E5607A2ADFB0}.Debug|TwinCAT OS (x64-E).Build.0 = Debug|TwinCAT OS (x64-E)
		{FD54A6E5-6BD2-46F4-91B4-E5607A2ADFB0}.Debug|TwinCAT RT (x64).ActiveCfg = Debug|TwinCAT RT (x64)
		{FD54A6E5-6BD2-46F4-91B4-E5607A2ADFB0}.Debug|TwinCAT RT (x64).Build.0 = Debug|TwinCAT RT (x64)
		{FD54A6E5-6BD2-46F4-91B4-E5607A2ADFB0}.Debug|TwinCAT RT (x86).ActiveCfg = Debug|TwinCAT RT (x86)
		{FD54A6E5-6BD2-46F4-91B4-E5607A2ADFB0}.Debug|TwinCAT RT (x86).Build.0 = Debug|TwinCAT RT (x86)
		{FD54A6E5-6BD2-46F4-91B4-E5607A2ADFB0}.Release|TwinCAT CE7 (ARMV7).ActiveCfg = Release|TwinCAT OS (ARMV7-A)
		{FD54A6E5-6BD2-46F4-91B4-E5607A2ADFB0}.Release|TwinCAT CE7 (ARMV7).Build.0 = Release|TwinCAT OS (ARMV7-A)
		{FD54A6E5-6BD2-46F4-91B4-E5607A2ADFB0}.Release|TwinCAT OS (ARMT2).ActiveCfg = Release|TwinCAT OS (ARMV7-M)
		{FD54A6E5-6BD2-46F4-91B4-E5607A2ADFB0}.Release|TwinCAT OS (ARMT2).Build.0 = Release|TwinCAT OS (ARMV7-M)
		{FD54A6E5-6BD2-46F4-91B4-E5607A2ADFB0}.Release|TwinCAT OS (ARMV7-A).ActiveCfg = Release|TwinCAT OS (ARMV7-A)
		{FD54A6E5-6BD2-46F4-91B4-E5607A2ADFB0}.Release|TwinCAT OS (ARMV7-A).Build.0 = Release|TwinCAT OS (ARMV7-A)
		{FD54A6E5-6BD2-46F4-91B4-E5607A2ADFB0}.Release|TwinCAT OS (ARMV7-M).ActiveCfg = Release|TwinCAT OS (ARMV7-M)
		{FD54A6E5-6BD2-46F4-91B4-E5607A2ADFB0}.Release|TwinCAT OS (ARMV7-M).Build.0 = Release|TwinCAT OS (ARMV7-M)
		{FD54A6E5-6BD2-46F4-91B4-E5607A2ADFB0}.Release|TwinCAT OS (ARMV8-A).ActiveCfg = Release|TwinCAT OS (ARMV8-A)
		{FD54A6E5-6BD2-46F4-91B4-E5607A2ADFB0}.Release|TwinCAT OS (ARMV8-A).Build.0 = Release|TwinCAT OS (ARMV8-A)
		{FD54A6E5-6BD2-46F4-91B4-E5607A2ADFB0}.Release|TwinCAT OS (x64).ActiveCfg = Release|TwinCAT OS (x64)
		{FD54A6E5-6BD2-46F4-91B4-E5607A2ADFB0}.Release|TwinCAT OS (x64).Build.0 = Release|TwinCAT OS (x64)
		{FD54A6E5-6BD2-46F4-91B4-E5607A2ADFB0}.Release|TwinCAT OS (x64-E).ActiveCfg = Release|TwinCAT OS (x64-E)
		{FD54A6E5-6BD2-46F4-91B4-E5607A2ADFB0}.Release|TwinCAT OS (x64-E).Build.0 = Release|TwinCAT OS (x64-E)
		{FD54A6E5-6BD2-46F4-91B4-E5607A2ADFB0}.Release|TwinCAT RT (x64).ActiveCfg = Release|TwinCAT RT (x64)
		{FD54A6E5-6BD2-46F4-91B4-E5607A2ADFB0}.Release|TwinCAT RT (x64).Build.0 = Release|TwinCAT RT (x64)
		{FD54A6E5-6BD2-46F4-91B4-E5607A2ADFB0}.Release|TwinCAT RT (x86).ActiveCfg = Release|TwinCAT RT (x86)
		{FD54A6E5-6BD2-46F4-91B4-E5607A2ADFB0}.Release|TwinCAT RT (x86).Build.0 = Release|TwinCAT RT (x86)
	EndGlobalSection
	GlobalSection(SolutionProperties) = preSolution
		HideSolutionNode = FALSE
	EndGlobalSection
	GlobalSection(ExtensibilityGlobals) = postSolution
		SolutionGuid = {00BD52F0-6438-4B2D-870E-4C0E61DB0871}
	EndGlobalSection
EndGlobal
