
Microsoft Visual Studio Solution File, Format Version 12.00
# TcXaeShell Solution File, Format Version 11.00
VisualStudioVersion = 17.10.35827.194
MinimumVisualStudioVersion = 10.0.40219.1
Project("{B1E792BE-AA5F-4E3C-8C82-674BF9C0715B}") = "TwinCAT Project1", "TwinCAT Project1\TwinCAT Project1.tsproj", "{D6F777F3-72BF-442C-AD10-F90CF0A32A9B}"
EndProject
Global
	GlobalSection(SolutionConfigurationPlatforms) = preSolution
		Debug|TwinCAT OS (ARMV7-A) = Debug|TwinCAT OS (ARMV7-A)
		Debug|TwinCAT OS (ARMV7-M) = Debug|TwinCAT OS (ARMV7-M)
		Debug|TwinCAT OS (ARMV8-A) = Debug|TwinCAT OS (ARMV8-A)
		Debug|TwinCAT OS (x64) = Debug|TwinCAT OS (x64)
		Debug|TwinCAT OS (x64-E) = Debug|TwinCAT OS (x64-E)
		Debug|TwinCAT RT (x64) = Debug|TwinCAT RT (x64)
		Debug|TwinCAT RT (x86) = Debug|TwinCAT RT (x86)
		Release|TwinCAT OS (ARMV7-A) = Release|TwinCAT OS (ARMV7-A)
		Release|TwinCAT OS (ARMV7-M) = Release|TwinCAT OS (ARMV7-M)
		Release|TwinCAT OS (ARMV8-A) = Release|TwinCAT OS (ARMV8-A)
		Release|TwinCAT OS (x64) = Release|TwinCAT OS (x64)
		Release|TwinCAT OS (x64-E) = Release|TwinCAT OS (x64-E)
		Release|TwinCAT RT (x64) = Release|TwinCAT RT (x64)
		Release|TwinCAT RT (x86) = Release|TwinCAT RT (x86)
	EndGlobalSection
	GlobalSection(ProjectConfigurationPlatforms) = postSolution
		{D6F777F3-72BF-442C-AD10-F90CF0A32A9B}.Debug|TwinCAT OS (ARMV7-A).ActiveCfg = Debug|TwinCAT OS (ARMV7-A)
		{D6F777F3-72BF-442C-AD10-F90CF0A32A9B}.Debug|TwinCAT OS (ARMV7-A).Build.0 = Debug|TwinCAT OS (ARMV7-A)
		{D6F777F3-72BF-442C-AD10-F90CF0A32A9B}.Debug|TwinCAT OS (ARMV7-M).ActiveCfg = Debug|TwinCAT OS (ARMV7-M)
		{D6F777F3-72BF-442C-AD10-F90CF0A32A9B}.Debug|TwinCAT OS (ARMV7-M).Build.0 = Debug|TwinCAT OS (ARMV7-M)
		{D6F777F3-72BF-442C-AD10-F90CF0A32A9B}.Debug|TwinCAT OS (ARMV8-A).ActiveCfg = Debug|TwinCAT OS (ARMV8-A)
		{D6F777F3-72BF-442C-AD10-F90CF0A32A9B}.Debug|TwinCAT OS (ARMV8-A).Build.0 = Debug|TwinCAT OS (ARMV8-A)
		{D6F777F3-72BF-442C-AD10-F90CF0A32A9B}.Debug|TwinCAT OS (x64).ActiveCfg = Debug|TwinCAT OS (x64)
		{D6F777F3-72BF-442C-AD10-F90CF0A32A9B}.Debug|TwinCAT OS (x64).Build.0 = Debug|TwinCAT OS (x64)
		{D6F777F3-72BF-442C-AD10-F90CF0A32A9B}.Debug|TwinCAT OS (x64-E).ActiveCfg = Debug|TwinCAT OS (x64-E)
		{D6F777F3-72BF-442C-AD10-F90CF0A32A9B}.Debug|TwinCAT OS (x64-E).Build.0 = Debug|TwinCAT OS (x64-E)
		{D6F777F3-72BF-442C-AD10-F90CF0A32A9B}.Debug|TwinCAT RT (x64).ActiveCfg = Debug|TwinCAT RT (x64)
		{D6F777F3-72BF-442C-AD10-F90CF0A32A9B}.Debug|TwinCAT RT (x64).Build.0 = Debug|TwinCAT RT (x64)
		{D6F777F3-72BF-442C-AD10-F90CF0A32A9B}.Debug|TwinCAT RT (x86).ActiveCfg = Debug|TwinCAT RT (x86)
		{D6F777F3-72BF-442C-AD10-F90CF0A32A9B}.Debug|TwinCAT RT (x86).Build.0 = Debug|TwinCAT RT (x86)
		{D6F777F3-72BF-442C-AD10-F90CF0A32A9B}.Release|TwinCAT OS (ARMV7-A).ActiveCfg = Release|TwinCAT OS (ARMV7-A)
		{D6F777F3-72BF-442C-AD10-F90CF0A32A9B}.Release|TwinCAT OS (ARMV7-A).Build.0 = Release|TwinCAT OS (ARMV7-A)
		{D6F777F3-72BF-442C-AD10-F90CF0A32A9B}.Release|TwinCAT OS (ARMV7-M).ActiveCfg = Release|TwinCAT OS (ARMV7-M)
		{D6F777F3-72BF-442C-AD10-F90CF0A32A9B}.Release|TwinCAT OS (ARMV7-M).Build.0 = Release|TwinCAT OS (ARMV7-M)
		{D6F777F3-72BF-442C-AD10-F90CF0A32A9B}.Release|TwinCAT OS (ARMV8-A).ActiveCfg = Release|TwinCAT OS (ARMV8-A)
		{D6F777F3-72BF-442C-AD10-F90CF0A32A9B}.Release|TwinCAT OS (ARMV8-A).Build.0 = Release|TwinCAT OS (ARMV8-A)
		{D6F777F3-72BF-442C-AD10-F90CF0A32A9B}.Release|TwinCAT OS (x64).ActiveCfg = Release|TwinCAT OS (x64)
		{D6F777F3-72BF-442C-AD10-F90CF0A32A9B}.Release|TwinCAT OS (x64).Build.0 = Release|TwinCAT OS (x64)
		{D6F777F3-72BF-442C-AD10-F90CF0A32A9B}.Release|TwinCAT OS (x64-E).ActiveCfg = Release|TwinCAT OS (x64-E)
		{D6F777F3-72BF-442C-AD10-F90CF0A32A9B}.Release|TwinCAT OS (x64-E).Build.0 = Release|TwinCAT OS (x64-E)
		{D6F777F3-72BF-442C-AD10-F90CF0A32A9B}.Release|TwinCAT RT (x64).ActiveCfg = Release|TwinCAT RT (x64)
		{D6F777F3-72BF-442C-AD10-F90CF0A32A9B}.Release|TwinCAT RT (x64).Build.0 = Release|TwinCAT RT (x64)
		{D6F777F3-72BF-442C-AD10-F90CF0A32A9B}.Release|TwinCAT RT (x86).ActiveCfg = Release|TwinCAT RT (x86)
		{D6F777F3-72BF-442C-AD10-F90CF0A32A9B}.Release|TwinCAT RT (x86).Build.0 = Release|TwinCAT RT (x86)
		{782F59D4-683D-407C-A63C-0F149C765AC0}.Debug|TwinCAT OS (ARMV7-A).ActiveCfg = Debug|TwinCAT OS (ARMV7-A)
		{782F59D4-683D-407C-A63C-0F149C765AC0}.Debug|TwinCAT OS (ARMV7-A).Build.0 = Debug|TwinCAT OS (ARMV7-A)
		{782F59D4-683D-407C-A63C-0F149C765AC0}.Debug|TwinCAT OS (ARMV7-M).ActiveCfg = Debug|TwinCAT OS (ARMV7-M)
		{782F59D4-683D-407C-A63C-0F149C765AC0}.Debug|TwinCAT OS (ARMV7-M).Build.0 = Debug|TwinCAT OS (ARMV7-M)
		{782F59D4-683D-407C-A63C-0F149C765AC0}.Debug|TwinCAT OS (ARMV8-A).ActiveCfg = Debug|TwinCAT OS (ARMV8-A)
		{782F59D4-683D-407C-A63C-0F149C765AC0}.Debug|TwinCAT OS (ARMV8-A).Build.0 = Debug|TwinCAT OS (ARMV8-A)
		{782F59D4-683D-407C-A63C-0F149C765AC0}.Debug|TwinCAT OS (x64).ActiveCfg = Debug|TwinCAT OS (x64)
		{782F59D4-683D-407C-A63C-0F149C765AC0}.Debug|TwinCAT OS (x64).Build.0 = Debug|TwinCAT OS (x64)
		{782F59D4-683D-407C-A63C-0F149C765AC0}.Debug|TwinCAT OS (x64-E).ActiveCfg = Debug|TwinCAT OS (x64-E)
		{782F59D4-683D-407C-A63C-0F149C765AC0}.Debug|TwinCAT OS (x64-E).Build.0 = Debug|TwinCAT OS (x64-E)
		{782F59D4-683D-407C-A63C-0F149C765AC0}.Debug|TwinCAT RT (x64).ActiveCfg = Debug|TwinCAT RT (x64)
		{782F59D4-683D-407C-A63C-0F149C765AC0}.Debug|TwinCAT RT (x64).Build.0 = Debug|TwinCAT RT (x64)
		{782F59D4-683D-407C-A63C-0F149C765AC0}.Debug|TwinCAT RT (x86).ActiveCfg = Debug|TwinCAT RT (x86)
		{782F59D4-683D-407C-A63C-0F149C765AC0}.Debug|TwinCAT RT (x86).Build.0 = Debug|TwinCAT RT (x86)
		{782F59D4-683D-407C-A63C-0F149C765AC0}.Release|TwinCAT OS (ARMV7-A).ActiveCfg = Release|TwinCAT OS (ARMV7-A)
		{782F59D4-683D-407C-A63C-0F149C765AC0}.Release|TwinCAT OS (ARMV7-A).Build.0 = Release|TwinCAT OS (ARMV7-A)
		{782F59D4-683D-407C-A63C-0F149C765AC0}.Release|TwinCAT OS (ARMV7-M).ActiveCfg = Release|TwinCAT OS (ARMV7-M)
		{782F59D4-683D-407C-A63C-0F149C765AC0}.Release|TwinCAT OS (ARMV7-M).Build.0 = Release|TwinCAT OS (ARMV7-M)
		{782F59D4-683D-407C-A63C-0F149C765AC0}.Release|TwinCAT OS (ARMV8-A).ActiveCfg = Release|TwinCAT OS (ARMV8-A)
		{782F59D4-683D-407C-A63C-0F149C765AC0}.Release|TwinCAT OS (ARMV8-A).Build.0 = Release|TwinCAT OS (ARMV8-A)
		{782F59D4-683D-407C-A63C-0F149C765AC0}.Release|TwinCAT OS (x64).ActiveCfg = Release|TwinCAT OS (x64)
		{782F59D4-683D-407C-A63C-0F149C765AC0}.Release|TwinCAT OS (x64).Build.0 = Release|TwinCAT OS (x64)
		{782F59D4-683D-407C-A63C-0F149C765AC0}.Release|TwinCAT OS (x64-E).ActiveCfg = Release|TwinCAT OS (x64-E)
		{782F59D4-683D-407C-A63C-0F149C765AC0}.Release|TwinCAT OS (x64-E).Build.0 = Release|TwinCAT OS (x64-E)
		{782F59D4-683D-407C-A63C-0F149C765AC0}.Release|TwinCAT RT (x64).ActiveCfg = Release|TwinCAT RT (x64)
		{782F59D4-683D-407C-A63C-0F149C765AC0}.Release|TwinCAT RT (x64).Build.0 = Release|TwinCAT RT (x64)
		{782F59D4-683D-407C-A63C-0F149C765AC0}.Release|TwinCAT RT (x86).ActiveCfg = Release|TwinCAT RT (x86)
		{782F59D4-683D-407C-A63C-0F149C765AC0}.Release|TwinCAT RT (x86).Build.0 = Release|TwinCAT RT (x86)
	EndGlobalSection
	GlobalSection(SolutionProperties) = preSolution
		HideSolutionNode = FALSE
	EndGlobalSection
	GlobalSection(ExtensibilityGlobals) = postSolution
		SolutionGuid = {6DA4F073-F833-4D21-BAEF-F9151E8849C3}
	EndGlobalSection
EndGlobal
