
Microsoft Visual Studio Solution File, Format Version 12.00
# TcXaeShell Solution File, Format Version 11.00
VisualStudioVersion = 17.10.35827.194
MinimumVisualStudioVersion = 10.0.40219.1
Project("{B1E792BE-AA5F-4E3C-8C82-674BF9C0715B}") = "HabilitaEixo", "HabilitaEixo.tsproj", "{BB731C56-F436-4A44-BD81-CF24234D5811}"
EndProject
Global
	GlobalSection(SolutionConfigurationPlatforms) = preSolution
		Debug|TwinCAT OS (ARMV7-A) = Debug|TwinCAT OS (ARMV7-A)
		Debug|TwinCAT OS (ARMV7-M) = Debug|TwinCAT OS (ARMV7-M)
		Debug|TwinCAT OS (ARMV8-A) = Debug|TwinCAT OS (ARMV8-A)
		Debug|TwinCAT OS (x64) = Debug|TwinCAT OS (x64)
		Debug|TwinCAT OS (x64-E) = Debug|TwinCAT OS (x64-E)
		Debug|TwinCAT RT (x64) = Debug|TwinCAT RT (x64)
		Debug|TwinCAT RT (x86) = Debug|TwinCAT RT (x86)
		Release|TwinCAT OS (ARMV7-A) = Release|TwinCAT OS (ARMV7-A)
		Release|TwinCAT OS (ARMV7-M) = Release|TwinCAT OS (ARMV7-M)
		Release|TwinCAT OS (ARMV8-A) = Release|TwinCAT OS (ARMV8-A)
		Release|TwinCAT OS (x64) = Release|TwinCAT OS (x64)
		Release|TwinCAT OS (x64-E) = Release|TwinCAT OS (x64-E)
		Release|TwinCAT RT (x64) = Release|TwinCAT RT (x64)
		Release|TwinCAT RT (x86) = Release|TwinCAT RT (x86)
	EndGlobalSection
	GlobalSection(ProjectConfigurationPlatforms) = postSolution
		{BB731C56-F436-4A44-BD81-CF24234D5811}.Debug|TwinCAT OS (ARMV7-A).ActiveCfg = Debug|TwinCAT OS (ARMV7-A)
		{BB731C56-F436-4A44-BD81-CF24234D5811}.Debug|TwinCAT OS (ARMV7-A).Build.0 = Debug|TwinCAT OS (ARMV7-A)
		{BB731C56-F436-4A44-BD81-CF24234D5811}.Debug|TwinCAT OS (ARMV7-M).ActiveCfg = Debug|TwinCAT OS (ARMV7-M)
		{BB731C56-F436-4A44-BD81-CF24234D5811}.Debug|TwinCAT OS (ARMV7-M).Build.0 = Debug|TwinCAT OS (ARMV7-M)
		{BB731C56-F436-4A44-BD81-CF24234D5811}.Debug|TwinCAT OS (ARMV8-A).ActiveCfg = Debug|TwinCAT OS (ARMV8-A)
		{BB731C56-F436-4A44-BD81-CF24234D5811}.Debug|TwinCAT OS (ARMV8-A).Build.0 = Debug|TwinCAT OS (ARMV8-A)
		{BB731C56-F436-4A44-BD81-CF24234D5811}.Debug|TwinCAT OS (x64).ActiveCfg = Debug|TwinCAT OS (x64)
		{BB731C56-F436-4A44-BD81-CF24234D5811}.Debug|TwinCAT OS (x64).Build.0 = Debug|TwinCAT OS (x64)
		{BB731C56-F436-4A44-BD81-CF24234D5811}.Debug|TwinCAT OS (x64-E).ActiveCfg = Debug|TwinCAT OS (x64-E)
		{BB731C56-F436-4A44-BD81-CF24234D5811}.Debug|TwinCAT OS (x64-E).Build.0 = Debug|TwinCAT OS (x64-E)
		{BB731C56-F436-4A44-BD81-CF24234D5811}.Debug|TwinCAT RT (x64).ActiveCfg = Debug|TwinCAT RT (x64)
		{BB731C56-F436-4A44-BD81-CF24234D5811}.Debug|TwinCAT RT (x64).Build.0 = Debug|TwinCAT RT (x64)
		{BB731C56-F436-4A44-BD81-CF24234D5811}.Debug|TwinCAT RT (x86).ActiveCfg = Debug|TwinCAT RT (x86)
		{BB731C56-F436-4A44-BD81-CF24234D5811}.Debug|TwinCAT RT (x86).Build.0 = Debug|TwinCAT RT (x86)
		{BB731C56-F436-4A44-BD81-CF24234D5811}.Release|TwinCAT OS (ARMV7-A).ActiveCfg = Release|TwinCAT OS (ARMV7-A)
		{BB731C56-F436-4A44-BD81-CF24234D5811}.Release|TwinCAT OS (ARMV7-A).Build.0 = Release|TwinCAT OS (ARMV7-A)
		{BB731C56-F436-4A44-BD81-CF24234D5811}.Release|TwinCAT OS (ARMV7-M).ActiveCfg = Release|TwinCAT OS (ARMV7-M)
		{BB731C56-F436-4A44-BD81-CF24234D5811}.Release|TwinCAT OS (ARMV7-M).Build.0 = Release|TwinCAT OS (ARMV7-M)
		{BB731C56-F436-4A44-BD81-CF24234D5811}.Release|TwinCAT OS (ARMV8-A).ActiveCfg = Release|TwinCAT OS (ARMV8-A)
		{BB731C56-F436-4A44-BD81-CF24234D5811}.Release|TwinCAT OS (ARMV8-A).Build.0 = Release|TwinCAT OS (ARMV8-A)
		{BB731C56-F436-4A44-BD81-CF24234D5811}.Release|TwinCAT OS (x64).ActiveCfg = Release|TwinCAT OS (x64)
		{BB731C56-F436-4A44-BD81-CF24234D5811}.Release|TwinCAT OS (x64).Build.0 = Release|TwinCAT OS (x64)
		{BB731C56-F436-4A44-BD81-CF24234D5811}.Release|TwinCAT OS (x64-E).ActiveCfg = Release|TwinCAT OS (x64-E)
		{BB731C56-F436-4A44-BD81-CF24234D5811}.Release|TwinCAT OS (x64-E).Build.0 = Release|TwinCAT OS (x64-E)
		{BB731C56-F436-4A44-BD81-CF24234D5811}.Release|TwinCAT RT (x64).ActiveCfg = Release|TwinCAT RT (x64)
		{BB731C56-F436-4A44-BD81-CF24234D5811}.Release|TwinCAT RT (x64).Build.0 = Release|TwinCAT RT (x64)
		{BB731C56-F436-4A44-BD81-CF24234D5811}.Release|TwinCAT RT (x86).ActiveCfg = Release|TwinCAT RT (x86)
		{BB731C56-F436-4A44-BD81-CF24234D5811}.Release|TwinCAT RT (x86).Build.0 = Release|TwinCAT RT (x86)
		{938C29F8-86EF-4189-BCD8-EB53E4C26A6D}.Debug|TwinCAT OS (ARMV7-A).ActiveCfg = Debug|TwinCAT OS (ARMV7-A)
		{938C29F8-86EF-4189-BCD8-EB53E4C26A6D}.Debug|TwinCAT OS (ARMV7-A).Build.0 = Debug|TwinCAT OS (ARMV7-A)
		{938C29F8-86EF-4189-BCD8-EB53E4C26A6D}.Debug|TwinCAT OS (ARMV7-M).ActiveCfg = Debug|TwinCAT OS (ARMV7-M)
		{938C29F8-86EF-4189-BCD8-EB53E4C26A6D}.Debug|TwinCAT OS (ARMV7-M).Build.0 = Debug|TwinCAT OS (ARMV7-M)
		{938C29F8-86EF-4189-BCD8-EB53E4C26A6D}.Debug|TwinCAT OS (ARMV8-A).ActiveCfg = Debug|TwinCAT OS (ARMV8-A)
		{938C29F8-86EF-4189-BCD8-EB53E4C26A6D}.Debug|TwinCAT OS (ARMV8-A).Build.0 = Debug|TwinCAT OS (ARMV8-A)
		{938C29F8-86EF-4189-BCD8-EB53E4C26A6D}.Debug|TwinCAT OS (x64).ActiveCfg = Debug|TwinCAT OS (x64)
		{938C29F8-86EF-4189-BCD8-EB53E4C26A6D}.Debug|TwinCAT OS (x64).Build.0 = Debug|TwinCAT OS (x64)
		{938C29F8-86EF-4189-BCD8-EB53E4C26A6D}.Debug|TwinCAT OS (x64-E).ActiveCfg = Debug|TwinCAT OS (x64-E)
		{938C29F8-86EF-4189-BCD8-EB53E4C26A6D}.Debug|TwinCAT OS (x64-E).Build.0 = Debug|TwinCAT OS (x64-E)
		{938C29F8-86EF-4189-BCD8-EB53E4C26A6D}.Debug|TwinCAT RT (x64).ActiveCfg = Debug|TwinCAT RT (x64)
		{938C29F8-86EF-4189-BCD8-EB53E4C26A6D}.Debug|TwinCAT RT (x64).Build.0 = Debug|TwinCAT RT (x64)
		{938C29F8-86EF-4189-BCD8-EB53E4C26A6D}.Debug|TwinCAT RT (x86).ActiveCfg = Debug|TwinCAT RT (x86)
		{938C29F8-86EF-4189-BCD8-EB53E4C26A6D}.Debug|TwinCAT RT (x86).Build.0 = Debug|TwinCAT RT (x86)
		{938C29F8-86EF-4189-BCD8-EB53E4C26A6D}.Release|TwinCAT OS (ARMV7-A).ActiveCfg = Release|TwinCAT OS (ARMV7-A)
		{938C29F8-86EF-4189-BCD8-EB53E4C26A6D}.Release|TwinCAT OS (ARMV7-A).Build.0 = Release|TwinCAT OS (ARMV7-A)
		{938C29F8-86EF-4189-BCD8-EB53E4C26A6D}.Release|TwinCAT OS (ARMV7-M).ActiveCfg = Release|TwinCAT OS (ARMV7-M)
		{938C29F8-86EF-4189-BCD8-EB53E4C26A6D}.Release|TwinCAT OS (ARMV7-M).Build.0 = Release|TwinCAT OS (ARMV7-M)
		{938C29F8-86EF-4189-BCD8-EB53E4C26A6D}.Release|TwinCAT OS (ARMV8-A).ActiveCfg = Release|TwinCAT OS (ARMV8-A)
		{938C29F8-86EF-4189-BCD8-EB53E4C26A6D}.Release|TwinCAT OS (ARMV8-A).Build.0 = Release|TwinCAT OS (ARMV8-A)
		{938C29F8-86EF-4189-BCD8-EB53E4C26A6D}.Release|TwinCAT OS (x64).ActiveCfg = Release|TwinCAT OS (x64)
		{938C29F8-86EF-4189-BCD8-EB53E4C26A6D}.Release|TwinCAT OS (x64).Build.0 = Release|TwinCAT OS (x64)
		{938C29F8-86EF-4189-BCD8-EB53E4C26A6D}.Release|TwinCAT OS (x64-E).ActiveCfg = Release|TwinCAT OS (x64-E)
		{938C29F8-86EF-4189-BCD8-EB53E4C26A6D}.Release|TwinCAT OS (x64-E).Build.0 = Release|TwinCAT OS (x64-E)
		{938C29F8-86EF-4189-BCD8-EB53E4C26A6D}.Release|TwinCAT RT (x64).ActiveCfg = Release|TwinCAT RT (x64)
		{938C29F8-86EF-4189-BCD8-EB53E4C26A6D}.Release|TwinCAT RT (x64).Build.0 = Release|TwinCAT RT (x64)
		{938C29F8-86EF-4189-BCD8-EB53E4C26A6D}.Release|TwinCAT RT (x86).ActiveCfg = Release|TwinCAT RT (x86)
		{938C29F8-86EF-4189-BCD8-EB53E4C26A6D}.Release|TwinCAT RT (x86).Build.0 = Release|TwinCAT RT (x86)
	EndGlobalSection
	GlobalSection(SolutionProperties) = preSolution
		HideSolutionNode = FALSE
	EndGlobalSection
	GlobalSection(ExtensibilityGlobals) = postSolution
		SolutionGuid = {6C66ED9A-868F-4A31-B416-56E5200C3381}
	EndGlobalSection
EndGlobal
